// !$*UTF8*$!
{
	archiveVersion = 1;
	classes = {
	};
	objectVersion = 50;
	objects = {

/* Begin PBXBuildFile section */
		2F5DAC7049AC6656D6C371AA /* Pods_LoginRegIosPhp.framework in Frameworks */ = {isa = PBXBuildFile; fileRef = 4C9E1F20952D818D646CC54F /* Pods_LoginRegIosPhp.framework */; };
		E04C7A03235A423200E44061 /* AppDelegate.swift in Sources */ = {isa = PBXBuildFile; fileRef = E04C7A02235A423200E44061 /* AppDelegate.swift */; };
		E04C7A05235A423200E44061 /* ViewController.swift in Sources */ = {isa = PBXBuildFile; fileRef = E04C7A04235A423200E44061 /* ViewController.swift */; };
		E04C7A08235A423200E44061 /* Main.storyboard in Resources */ = {isa = PBXBuildFile; fileRef = E04C7A06235A423200E44061 /* Main.storyboard */; };
		E04C7A0B235A423200E44061 /* LoginRegIosPhp.xcdatamodeld in Sources */ = {isa = PBXBuildFile; fileRef = E04C7A09235A423200E44061 /* LoginRegIosPhp.xcdatamodeld */; };
		E04C7A0D235A423400E44061 /* Assets.xcassets in Resources */ = {isa = PBXBuildFile; fileRef = E04C7A0C235A423400E44061 /* Assets.xcassets */; };
		E04C7A10235A423400E44061 /* LaunchScreen.storyboard in Resources */ = {isa = PBXBuildFile; fileRef = E04C7A0E235A423400E44061 /* LaunchScreen.storyboard */; };
		E04C7A1A235A51E400E44061 /* User.swift in Sources */ = {isa = PBXBuildFile; fileRef = E04C7A19235A51E400E44061 /* User.swift */; };
		E04C7A1C235A5A3E00E44061 /* Base.swift in Sources */ = {isa = PBXBuildFile; fileRef = E04C7A1B235A5A3E00E44061 /* Base.swift */; };
		E04C7A20235A64E900E44061 /* SaveViewController.swift in Sources */ = {isa = PBXBuildFile; fileRef = E04C7A1F235A64E900E44061 /* SaveViewController.swift */; };
/* End PBXBuildFile section */

/* Begin PBXFileReference section */
		17763F7E74AD3604B66BB07F /* Pods-LoginRegIosPhp.debug.xcconfig */ = {isa = PBXFileReference; includeInIndex = 1; lastKnownFileType = text.xcconfig; name = "Pods-LoginRegIosPhp.debug.xcconfig"; path = "Target Support Files/Pods-LoginRegIosPhp/Pods-LoginRegIosPhp.debug.xcconfig"; sourceTree = "<group>"; };
		4C9E1F20952D818D646CC54F /* Pods_LoginRegIosPhp.framework */ = {isa = PBXFileReference; explicitFileType = wrapper.framework; includeInIndex = 0; path = Pods_LoginRegIosPhp.framework; sourceTree = BUILT_PRODUCTS_DIR; };
		6FC01213BA7986918E71A11E /* Pods-LoginRegIosPhp.release.xcconfig */ = {isa = PBXFileReference; includeInIndex = 1; lastKnownFileType = text.xcconfig; name = "Pods-LoginRegIosPhp.release.xcconfig"; path = "Target Support Files/Pods-LoginRegIosPhp/Pods-LoginRegIosPhp.release.xcconfig"; sourceTree = "<group>"; };
		E04C79FF235A423200E44061 /* LoginRegIosPhp.app */ = {isa = PBXFileReference; explicitFileType = wrapper.application; includeInIndex = 0; path = LoginRegIosPhp.app; sourceTree = BUILT_PRODUCTS_DIR; };
		E04C7A02235A423200E44061 /* AppDelegate.swift */ = {isa = PBXFileReference; lastKnownFileType = sourcecode.swift; path = AppDelegate.swift; sourceTree = "<group>"; };
		E04C7A04235A423200E44061 /* ViewController.swift */ = {isa = PBXFileReference; lastKnownFileType = sourcecode.swift; path = ViewController.swift; sourceTree = "<group>"; };
		E04C7A07235A423200E44061 /* Base */ = {isa = PBXFileReference; lastKnownFileType = file.storyboard; name = Base; path = Base.lproj/Main.storyboard; sourceTree = "<group>"; };
		E04C7A0A235A423200E44061 /* LoginRegIosPhp.xcdatamodel */ = {isa = PBXFileReference; lastKnownFileType = wrapper.xcdatamodel; path = LoginRegIosPhp.xcdatamodel; sourceTree = "<group>"; };
		E04C7A0C235A423400E44061 /* Assets.xcassets */ = {isa = PBXFileReference; lastKnownFileType = folder.assetcatalog; path = Assets.xcassets; sourceTree = "<group>"; };
		E04C7A0F235A423400E44061 /* Base */ = {isa = PBXFileReference; lastKnownFileType = file.storyboard; name = Base; path = Base.lproj/LaunchScreen.storyboard; sourceTree = "<group>"; };
		E04C7A11235A423400E44061 /* Info.plist */ = {isa = PBXFileReference; lastKnownFileType = text.plist.xml; path = Info.plist; sourceTree = "<group>"; };
		E04C7A19235A51E400E44061 /* User.swift */ = {isa = PBXFileReference; lastKnownFileType = sourcecode.swift; path = User.swift; sourceTree = "<group>"; };
		E04C7A1B235A5A3E00E44061 /* Base.swift */ = {isa = PBXFileReference; lastKnownFileType = sourcecode.swift; path = Base.swift; sourceTree = "<group>"; };
		E04C7A1F235A64E900E44061 /* SaveViewController.swift */ = {isa = PBXFileReference; lastKnownFileType = sourcecode.swift; path = SaveViewController.swift; sourceTree = "<group>"; };
/* End PBXFileReference section */

/* Begin PBXFrameworksBuildPhase section */
		E04C79FC235A423200E44061 /* Frameworks */ = {
			isa = PBXFrameworksBuildPhase;
			buildActionMask = 2147483647;
			files = (
				2F5DAC7049AC6656D6C371AA /* Pods_LoginRegIosPhp.framework in Frameworks */,
			);
			runOnlyForDeploymentPostprocessing = 0;
		};
/* End PBXFrameworksBuildPhase section */

/* Begin PBXGroup section */
		7B8682F172495153AB008F19 /* Frameworks */ = {
			isa = PBXGroup;
			children = (
				4C9E1F20952D818D646CC54F /* Pods_LoginRegIosPhp.framework */,
			);
			name = Frameworks;
			sourceTree = "<group>";
		};
		E04C79F6235A423200E44061 = {
			isa = PBXGroup;
			children = (
				E04C7A01235A423200E44061 /* LoginRegIosPhp */,
				E04C7A00235A423200E44061 /* Products */,
				E62A1636EE24982F4659D36F /* Pods */,
				7B8682F172495153AB008F19 /* Frameworks */,
			);
			sourceTree = "<group>";
		};
		E04C7A00235A423200E44061 /* Products */ = {
			isa = PBXGroup;
			children = (
				E04C79FF235A423200E44061 /* LoginRegIosPhp.app */,
			);
			name = Products;
			sourceTree = "<group>";
		};
		E04C7A01235A423200E44061 /* LoginRegIosPhp */ = {
			isa = PBXGroup;
			children = (
				E04C7A1E235A64D700E44061 /* Save */,
				E04C7A1D235A64CD00E44061 /* Fetch */,
				E04C7A18235A51D600E44061 /* Models */,
				E04C7A17235A512C00E44061 /* Cells */,
				E04C7A02235A423200E44061 /* AppDelegate.swift */,
				E04C7A06235A423200E44061 /* Main.storyboard */,
				E04C7A0C235A423400E44061 /* Assets.xcassets */,
				E04C7A0E235A423400E44061 /* LaunchScreen.storyboard */,
				E04C7A11235A423400E44061 /* Info.plist */,
				E04C7A09235A423200E44061 /* LoginRegIosPhp.xcdatamodeld */,
			);
			path = LoginRegIosPhp;
			sourceTree = "<group>";
		};
		E04C7A17235A512C00E44061 /* Cells */ = {
			isa = PBXGroup;
			children = (
			);
			path = Cells;
			sourceTree = "<group>";
		};
		E04C7A18235A51D600E44061 /* Models */ = {
			isa = PBXGroup;
			children = (
				E04C7A19235A51E400E44061 /* User.swift */,
				E04C7A1B235A5A3E00E44061 /* Base.swift */,
			);
			path = Models;
			sourceTree = "<group>";
		};
		E04C7A1D235A64CD00E44061 /* Fetch */ = {
			isa = PBXGroup;
			children = (
				E04C7A04235A423200E44061 /* ViewController.swift */,
			);
			path = Fetch;
			sourceTree = "<group>";
		};
		E04C7A1E235A64D700E44061 /* Save */ = {
			isa = PBXGroup;
			children = (
				E04C7A1F235A64E900E44061 /* SaveViewController.swift */,
			);
			path = Save;
			sourceTree = "<group>";
		};
		E62A1636EE24982F4659D36F /* Pods */ = {
			isa = PBXGroup;
			children = (
				17763F7E74AD3604B66BB07F /* Pods-LoginRegIosPhp.debug.xcconfig */,
				6FC01213BA7986918E71A11E /* Pods-LoginRegIosPhp.release.xcconfig */,
			);
			name = Pods;
			path = Pods;
			sourceTree = "<group>";
		};
/* End PBXGroup section */

/* Begin PBXNativeTarget section */
		E04C79FE235A423200E44061 /* LoginRegIosPhp */ = {
			isa = PBXNativeTarget;
			buildConfigurationList = E04C7A14235A423400E44061 /* Build configuration list for PBXNativeTarget "LoginRegIosPhp" */;
			buildPhases = (
				E20C7BCDAAB47FF40E2A769E /* [CP] Check Pods Manifest.lock */,
				E04C79FB235A423200E44061 /* Sources */,
				E04C79FC235A423200E44061 /* Frameworks */,
				E04C79FD235A423200E44061 /* Resources */,
			);
			buildRules = (
			);
			dependencies = (
			);
			name = LoginRegIosPhp;
			productName = LoginRegIosPhp;
			productReference = E04C79FF235A423200E44061 /* LoginRegIosPhp.app */;
			productType = "com.apple.product-type.application";
		};
/* End PBXNativeTarget section */

/* Begin PBXProject section */
		E04C79F7235A423200E44061 /* Project object */ = {
			isa = PBXProject;
			attributes = {
				LastSwiftUpdateCheck = 1010;
				LastUpgradeCheck = 1010;
				ORGANIZATIONNAME = boshra;
				TargetAttributes = {
					E04C79FE235A423200E44061 = {
						CreatedOnToolsVersion = 10.1;
					};
				};
			};
			buildConfigurationList = E04C79FA235A423200E44061 /* Build configuration list for PBXProject "LoginRegIosPhp" */;
			compatibilityVersion = "Xcode 9.3";
			developmentRegion = en;
			hasScannedForEncodings = 0;
			knownRegions = (
				en,
				Base,
			);
			mainGroup = E04C79F6235A423200E44061;
			productRefGroup = E04C7A00235A423200E44061 /* Products */;
			projectDirPath = "";
			projectRoot = "";
			targets = (
				E04C79FE235A423200E44061 /* LoginRegIosPhp */,
			);
		};
/* End PBXProject section */

/* Begin PBXResourcesBuildPhase section */
		E04C79FD235A423200E44061 /* Resources */ = {
			isa = PBXResourcesBuildPhase;
			buildActionMask = 2147483647;
			files = (
				E04C7A10235A423400E44061 /* LaunchScreen.storyboard in Resources */,
				E04C7A0D235A423400E44061 /* Assets.xcassets in Resources */,
				E04C7A08235A423200E44061 /* Main.storyboard in Resources */,
			);
			runOnlyForDeploymentPostprocessing = 0;
		};
/* End PBXResourcesBuildPhase section */

/* Begin PBXShellScriptBuildPhase section */
		E20C7BCDAAB47FF40E2A769E /* [CP] Check Pods Manifest.lock */ = {
			isa = PBXShellScriptBuildPhase;
			buildActionMask = 2147483647;
			files = (
			);
			inputFileListPaths = (
			);
			inputPaths = (
				"${PODS_PODFILE_DIR_PATH}/Podfile.lock",
				"${PODS_ROOT}/Manifest.lock",
			);
			name = "[CP] Check Pods Manifest.lock";
			outputFileListPaths = (
			);
			outputPaths = (
				"$(DERIVED_FILE_DIR)/Pods-LoginRegIosPhp-checkManifestLockResult.txt",
			);
			runOnlyForDeploymentPostprocessing = 0;
			shellPath = /bin/sh;
			shellScript = "diff \"${PODS_PODFILE_DIR_PATH}/Podfile.lock\" \"${PODS_ROOT}/Manifest.lock\" > /dev/null\nif [ $? != 0 ] ; then\n    # print error to STDERR\n    echo \"error: The sandbox is not in sync with the Podfile.lock. Run 'pod install' or update your CocoaPods installation.\" >&2\n    exit 1\nfi\n# This output is used by Xcode 'outputs' to avoid re-running this script phase.\necho \"SUCCESS\" > \"${SCRIPT_OUTPUT_FILE_0}\"\n";
			showEnvVarsInLog = 0;
		};
/* End PBXShellScriptBuildPhase section */

/* Begin PBXSourcesBuildPhase section */
		E04C79FB235A423200E44061 /* Sources */ = {
			isa = PBXSourcesBuildPhase;
			buildActionMask = 2147483647;
			files = (
				E04C7A1A235A51E400E44061 /* User.swift in Sources */,
				E04C7A20235A64E900E44061 /* SaveViewController.swift in Sources */,
				E04C7A05235A423200E44061 /* ViewController.swift in Sources */,
				E04C7A1C235A5A3E00E44061 /* Base.swift in Sources */,
				E04C7A03235A423200E44061 /* AppDelegate.swift in Sources */,
				E04C7A0B235A423200E44061 /* LoginRegIosPhp.xcdatamodeld in Sources */,
			);
			runOnlyForDeploymentPostprocessing = 0;
		};
/* End PBXSourcesBuildPhase section */

/* Begin PBXVariantGroup section */
		E04C7A06235A423200E44061 /* Main.storyboard */ = {
			isa = PBXVariantGroup;
			children = (
				E04C7A07235A423200E44061 /* Base */,
			);
			name = Main.storyboard;
			sourceTree = "<group>";
		};
		E04C7A0E235A423400E44061 /* LaunchScreen.storyboard */ = {
			isa = PBXVariantGroup;
			children = (
				E04C7A0F235A423400E44061 /* Base */,
			);
			name = LaunchScreen.storyboard;
			sourceTree = "<group>";
		};
/* End PBXVariantGroup section */

/* Begin XCBuildConfiguration section */
		E04C7A12235A423400E44061 /* Debug */ = {
			isa = XCBuildConfiguration;
			buildSettings = {
				ALWAYS_SEARCH_USER_PATHS = NO;
				CLANG_ANALYZER_NONNULL = YES;
				CLANG_ANALYZER_NUMBER_OBJECT_CONVERSION = YES_AGGRESSIVE;
				CLANG_CXX_LANGUAGE_STANDARD = "gnu++14";
				CLANG_CXX_LIBRARY = "libc++";
				CLANG_ENABLE_MODULES = YES;
				CLANG_ENABLE_OBJC_ARC = YES;
				CLANG_ENABLE_OBJC_WEAK = YES;
				CLANG_WARN_BLOCK_CAPTURE_AUTORELEASING = YES;
				CLANG_WARN_BOOL_CONVERSION = YES;
				CLANG_WARN_COMMA = YES;
				CLANG_WARN_CONSTANT_CONVERSION = YES;
				CLANG_WARN_DEPRECATED_OBJC_IMPLEMENTATIONS = YES;
				CLANG_WARN_DIRECT_OBJC_ISA_USAGE = YES_ERROR;
				CLANG_WARN_DOCUMENTATION_COMMENTS = YES;
				CLANG_WARN_EMPTY_BODY = YES;
				CLANG_WARN_ENUM_CONVERSION = YES;
				CLANG_WARN_INFINITE_RECURSION = YES;
				CLANG_WARN_INT_CONVERSION = YES;
				CLANG_WARN_NON_LITERAL_NULL_CONVERSION = YES;
				CLANG_WARN_OBJC_IMPLICIT_RETAIN_SELF = YES;
				CLANG_WARN_OBJC_LITERAL_CONVERSION = YES;
				CLANG_WARN_OBJC_ROOT_CLASS = YES_ERROR;
				CLANG_WARN_RANGE_LOOP_ANALYSIS = YES;
				CLANG_WARN_STRICT_PROTOTYPES = YES;
				CLANG_WARN_SUSPICIOUS_MOVE = YES;
				CLANG_WARN_UNGUARDED_AVAILABILITY = YES_AGGRESSIVE;
				CLANG_WARN_UNREACHABLE_CODE = YES;
				CLANG_WARN__DUPLICATE_METHOD_MATCH = YES;
				CODE_SIGN_IDENTITY = "iPhone Developer";
				COPY_PHASE_STRIP = NO;
				DEBUG_INFORMATION_FORMAT = dwarf;
				ENABLE_STRICT_OBJC_MSGSEND = YES;
				ENABLE_TESTABILITY = YES;
				GCC_C_LANGUAGE_STANDARD = gnu11;
				GCC_DYNAMIC_NO_PIC = NO;
				GCC_NO_COMMON_BLOCKS = YES;
				GCC_OPTIMIZATION_LEVEL = 0;
				GCC_PREPROCESSOR_DEFINITIONS = (
					"DEBUG=1",
					"$(inherited)",
				);
				GCC_WARN_64_TO_32_BIT_CONVERSION = YES;
				GCC_WARN_ABOUT_RETURN_TYPE = YES_ERROR;
				GCC_WARN_UNDECLARED_SELECTOR = YES;
				GCC_WARN_UNINITIALIZED_AUTOS = YES_AGGRESSIVE;
				GCC_WARN_UNUSED_FUNCTION = YES;
				GCC_WARN_UNUSED_VARIABLE = YES;
				IPHONEOS_DEPLOYMENT_TARGET = 12.1;
				MTL_ENABLE_DEBUG_INFO = INCLUDE_SOURCE;
				MTL_FAST_MATH = YES;
				ONLY_ACTIVE_ARCH = YES;
				SDKROOT = iphoneos;
				SWIFT_ACTIVE_COMPILATION_CONDITIONS = DEBUG;
				SWIFT_OPTIMIZATION_LEVEL = "-Onone";
			};
			name = Debug;
		};
		E04C7A13235A423400E44061 /* Release */ = {
			isa = XCBuildConfiguration;
			buildSettings = {
				ALWAYS_SEARCH_USER_PATHS = NO;
				CLANG_ANALYZER_NONNULL = YES;
				CLANG_ANALYZER_NUMBER_OBJECT_CONVERSION = YES_AGGRESSIVE;
				CLANG_CXX_LANGUAGE_STANDARD = "gnu++14";
				CLANG_CXX_LIBRARY = "libc++";
				CLANG_ENABLE_MODULES = YES;
				CLANG_ENABLE_OBJC_ARC = YES;
				CLANG_ENABLE_OBJC_WEAK = YES;
				CLANG_WARN_BLOCK_CAPTURE_AUTORELEASING = YES;
				CLANG_WARN_BOOL_CONVERSION = YES;
				CLANG_WARN_COMMA = YES;
				CLANG_WARN_CONSTANT_CONVERSION = YES;
				CLANG_WARN_DEPRECATED_OBJC_IMPLEMENTATIONS = YES;
				CLANG_WARN_DIRECT_OBJC_ISA_USAGE = YES_ERROR;
				CLANG_WARN_DOCUMENTATION_COMMENTS = YES;
				CLANG_WARN_EMPTY_BODY = YES;
				CLANG_WARN_ENUM_CONVERSION = YES;
				CLANG_WARN_INFINITE_RECURSION = YES;
				CLANG_WARN_INT_CONVERSION = YES;
				CLANG_WARN_NON_LITERAL_NULL_CONVERSION = YES;
				CLANG_WARN_OBJC_IMPLICIT_RETAIN_SELF = YES;
				CLANG_WARN_OBJC_LITERAL_CONVERSION = YES;
				CLANG_WARN_OBJC_ROOT_CLASS = YES_ERROR;
				CLANG_WARN_RANGE_LOOP_ANALYSIS = YES;
				CLANG_WARN_STRICT_PROTOTYPES = YES;
				CLANG_WARN_SUSPICIOUS_MOVE = YES;
				CLANG_WARN_UNGUARDED_AVAILABILITY = YES_AGGRESSIVE;
				CLANG_WARN_UNREACHABLE_CODE = YES;
				CLANG_WARN__DUPLICATE_METHOD_MATCH = YES;
				CODE_SIGN_IDENTITY = "iPhone Developer";
				COPY_PHASE_STRIP = NO;
				DEBUG_INFORMATION_FORMAT = "dwarf-with-dsym";
				ENABLE_NS_ASSERTIONS = NO;
				ENABLE_STRICT_OBJC_MSGSEND = YES;
				GCC_C_LANGUAGE_STANDARD = gnu11;
				GCC_NO_COMMON_BLOCKS = YES;
				GCC_WARN_64_TO_32_BIT_CONVERSION = YES;
				GCC_WARN_ABOUT_RETURN_TYPE = YES_ERROR;
				GCC_WARN_UNDECLARED_SELECTOR = YES;
				GCC_WARN_UNINITIALIZED_AUTOS = YES_AGGRESSIVE;
				GCC_WARN_UNUSED_FUNCTION = YES;
				GCC_WARN_UNUSED_VARIABLE = YES;
				IPHONEOS_DEPLOYMENT_TARGET = 12.1;
				MTL_ENABLE_DEBUG_INFO = NO;
				MTL_FAST_MATH = YES;
				SDKROOT = iphoneos;
				SWIFT_COMPILATION_MODE = wholemodule;
				SWIFT_OPTIMIZATION_LEVEL = "-O";
				VALIDATE_PRODUCT = YES;
			};
			name = Release;
		};
		E04C7A15235A423400E44061 /* Debug */ = {
			isa = XCBuildConfiguration;
			baseConfigurationReference = 17763F7E74AD3604B66BB07F /* Pods-LoginRegIosPhp.debug.xcconfig */;
			buildSettings = {
				ASSETCATALOG_COMPILER_APPICON_NAME = AppIcon;
				CODE_SIGN_STYLE = Automatic;
				INFOPLIST_FILE = LoginRegIosPhp/Info.plist;
				LD_RUNPATH_SEARCH_PATHS = (
					"$(inherited)",
					"@executable_path/Frameworks",
				);
				PRODUCT_BUNDLE_IDENTIFIER = com.hegazy.LoginRegIosPhp;
				PRODUCT_NAME = "$(TARGET_NAME)";
				SWIFT_VERSION = 4.2;
				TARGETED_DEVICE_FAMILY = "1,2";
			};
			name = Debug;
		};
		E04C7A16235A423400E44061 /* Release */ = {
			isa = XCBuildConfiguration;
			baseConfigurationReference = 6FC01213BA7986918E71A11E /* Pods-LoginRegIosPhp.release.xcconfig */;
			buildSettings = {
				ASSETCATALOG_COMPILER_APPICON_NAME = AppIcon;
				CODE_SIGN_STYLE = Automatic;
				INFOPLIST_FILE = LoginRegIosPhp/Info.plist;
				LD_RUNPATH_SEARCH_PATHS = (
					"$(inherited)",
					"@executable_path/Frameworks",
				);
				PRODUCT_BUNDLE_IDENTIFIER = com.hegazy.LoginRegIosPhp;
				PRODUCT_NAME = "$(TARGET_NAME)";
				SWIFT_VERSION = 4.2;
				TARGETED_DEVICE_FAMILY = "1,2";
			};
			name = Release;
		};
/* End XCBuildConfiguration section */

/* Begin XCConfigurationList section */
		E04C79FA235A423200E44061 /* Build configuration list for PBXProject "LoginRegIosPhp" */ = {
			isa = XCConfigurationList;
			buildConfigurations = (
				E04C7A12235A423400E44061 /* Debug */,
				E04C7A13235A423400E44061 /* Release */,
			);
			defaultConfigurationIsVisible = 0;
			defaultConfigurationName = Release;
		};
		E04C7A14235A423400E44061 /* Build configuration list for PBXNativeTarget "LoginRegIosPhp" */ = {
			isa = XCConfigurationList;
			buildConfigurations = (
				E04C7A15235A423400E44061 /* Debug */,
				E04C7A16235A423400E44061 /* Release */,
			);
			defaultConfigurationIsVisible = 0;
			defaultConfigurationName = Release;
		};
/* End XCConfigurationList section */

/* Begin XCVersionGroup section */
		E04C7A09235A423200E44061 /* LoginRegIosPhp.xcdatamodeld */ = {
			isa = XCVersionGroup;
			children = (
				E04C7A0A235A423200E44061 /* LoginRegIosPhp.xcdatamodel */,
			);
			currentVersion = E04C7A0A235A423200E44061 /* LoginRegIosPhp.xcdatamodel */;
			path = LoginRegIosPhp.xcdatamodeld;
			sourceTree = "<group>";
			versionGroupType = wrapper.xcdatamodel;
		};
/* End XCVersionGroup section */
	};
	rootObject = E04C79F7235A423200E44061 /* Project object */;
}
